{
  "name": "PlayGround",
  "lockfileVersion": 3,
  "requires": true,
  "packages": {
    "": {
      "devDependencies": {
        "playwright": "^1.62.1",
        "three": "^0.162.0",
        "three-bvh-csg": "^0.0.16",
        "three-mesh-bvh": "^0.7.8"
      }
    },
    "node_modules/fsevents": {
      "version": "2.3.2",
      "resolved": "https://registry.npmjs.org/fsevents/-/fsevents-2.3.2.tgz",
      "integrity": "sha512-xiqMQR4xAeHTuB9uWm+fFRcIOgKBMiOBP+eXiyT7jsgVCq1bkVygt00oASowB7EdtpOHaaPgKt812P9ab+DDKA==",
      "dev": true,
      "hasInstallScript": true,
      "license": "MIT",
      "optional": true,
      "os": [
        "darwin"
      ],
      "engines": {
        "node": "^8.16.0 || ^10.6.0 || >=11.0.0"
      }
    },
    "node_modules/playwright": {
      "version": "1.62.1",
      "resolved": "https://registry.npmjs.org/playwright/-/playwright-1.62.1.tgz",
      "integrity": "sha512-0M+L3LAD8/nm554LOla9Ayx0j0tmFZ0FBcoQ7F1VuVHpM/XpiC8RcDzBQB8W5+hA8L22THxELzeF+2WcUzvcLg==",
      "dev": true,
      "license": "Apache-2.0",
      "dependencies": {
        "playwright-core": "1.62.1"
      },
      "bin": {
        "playwright": "cli.js"
      },
      "engines": {
        "node": ">=20"
      },
      "optionalDependencies": {
        "fsevents": "2.3.2"
      }
    },
    "node_modules/playwright-core": {
      "version": "1.62.1",
      "resolved": "https://registry.npmjs.org/playwright-core/-/playwright-core-1.62.1.tgz",
      "integrity": "sha512-wPYSwEBJY9GHraISXqyqtx0na0LpO3XEX7jNDhntbex7tzUS7kLnZsOlFruFJB4Hi/rhDMjXGqHewDZ68nYZVw==",
      "dev": true,
      "license": "Apache-2.0",
      "bin": {
        "playwright-core": "cli.js"
      },
      "engines": {
        "node": ">=20"
      }
    },
    "node_modules/three": {
      "version": "0.162.0",
      "resolved": "https://registry.npmjs.org/three/-/three-0.162.0.tgz",
      "integrity": "sha512-xfCYj4RnlozReCmUd+XQzj6/5OjDNHBy5nT6rVwrOKGENAvpXe2z1jL+DZYaMu4/9pNsjH/4Os/VvS9IrH7IOQ==",
      "dev": true,
      "license": "MIT"
    },
    "node_modules/three-bvh-csg": {
      "version": "0.0.16",
      "resolved": "https://registry.npmjs.org/three-bvh-csg/-/three-bvh-csg-0.0.16.tgz",
      "integrity": "sha512-RgC5dY0hAKdfd1bmD3o2CDfmK9GTkvsA1ECzoqTMhSkjSc2zp1z4Wpa5+emLi/EosF5P6+aK2veTxTLZA9+Mhw==",
      "dev": true,
      "license": "MIT",
      "peerDependencies": {
        "three": ">=0.151.0",
        "three-mesh-bvh": ">=0.6.6"
      }
    },
    "node_modules/three-mesh-bvh": {
      "version": "0.7.8",
      "resolved": "https://registry.npmjs.org/three-mesh-bvh/-/three-mesh-bvh-0.7.8.tgz",
      "integrity": "sha512-BGEZTOIC14U0XIRw3tO4jY7IjP7n7v24nv9JXS1CyeVRWOCkcOMhRnmENUjuV39gktAw4Ofhr0OvIAiTspQrrw==",
      "deprecated": "Deprecated due to three.js version incompatibility. Please use v0.8.0, instead.",
      "dev": true,
      "license": "MIT",
      "peerDependencies": {
        "three": ">= 0.151.0"
      }
    }
  }
}
